
Microsoft Visual Studio Solution File, Format Version 12.00
# Visual Studio Version 17
VisualStudioVersion = 17.11.35222.181
MinimumVisualStudioVersion = 10.0.40219.1
Project("{FAE04EC0-301F-11D3-BF4B-00C04F79EFBC}") = "o4ko", "o4ko\o4ko.csproj", "{23F35900-BEA1-4AC6-B161-4E77AFC70BB4}"
EndProject
Global
	GlobalSection(SolutionConfigurationPlatforms) = preSolution
		Debug|Any CPU = Debug|Any CPU
		Release|Any CPU = Release|Any CPU
	EndGlobalSection
	GlobalSection(ProjectConfigurationPlatforms) = postSolution
		{23F35900-BEA1-4AC6-B161-4E77AFC70BB4}.Debug|Any CPU.ActiveCfg = Debug|Any CPU
		{23F35900-BEA1-4AC6-B161-4E77AFC70BB4}.Debug|Any CPU.Build.0 = Debug|Any CPU
		{23F35900-BEA1-4AC6-B161-4E77AFC70BB4}.Release|Any CPU.ActiveCfg = Release|Any CPU
		{23F35900-BEA1-4AC6-B161-4E77AFC70BB4}.Release|Any CPU.Build.0 = Release|Any CPU
	EndGlobalSection
	GlobalSection(SolutionProperties) = preSolution
		HideSolutionNode = FALSE
	EndGlobalSection
	GlobalSection(ExtensibilityGlobals) = postSolution
		SolutionGuid = {17CB55E3-8780-4CBC-9727-70424986891D}
	EndGlobalSection
EndGlobal
